// !$*UTF8*$!
{
	archiveVersion = 1;
	classes = {
	};
	objectVersion = 51;
	objects = {

/* Begin PBXBuildFile section */
		12D13CF0256C2D130013E511 /* PerfilViewController.swift in Sources */ = {isa = PBXBuildFile; fileRef = 12D13CEF256C2D130013E511 /* PerfilViewController.swift */; };
		7D267544256EDB97000C57A3 /* Reward.swift in Sources */ = {isa = PBXBuildFile; fileRef = 7D267543256EDB97000C57A3 /* Reward.swift */; };
		7D2BEFC625685E48006AFD8C /* Island.swift in Sources */ = {isa = PBXBuildFile; fileRef = 7D2BEFC525685E48006AFD8C /* Island.swift */; };
		7D2BEFE8256D86B0006AFD8C /* User+CoreDataClass.swift in Sources */ = {isa = PBXBuildFile; fileRef = 7D2BEFE6256D86B0006AFD8C /* User+CoreDataClass.swift */; };
		7D2BEFE9256D86B0006AFD8C /* User+CoreDataProperties.swift in Sources */ = {isa = PBXBuildFile; fileRef = 7D2BEFE7256D86B0006AFD8C /* User+CoreDataProperties.swift */; };
		7D86D6BB25FFE9D800AE0928 /* JornadaVazia.storyboard in Resources */ = {isa = PBXBuildFile; fileRef = 7D86D6BA25FFE9D800AE0928 /* JornadaVazia.storyboard */; };
		7DAA427425A8D0A600C1CFF5 /* DesafiosViewController.swift in Sources */ = {isa = PBXBuildFile; fileRef = 7DAA427325A8D0A600C1CFF5 /* DesafiosViewController.swift */; };
		7DAA427925A8D0C100C1CFF5 /* DesafiosPageViewController.swift in Sources */ = {isa = PBXBuildFile; fileRef = 7DAA427825A8D0C100C1CFF5 /* DesafiosPageViewController.swift */; };
		7DAA427E25A8D0DD00C1CFF5 /* DesafiosDataViewController.swift in Sources */ = {isa = PBXBuildFile; fileRef = 7DAA427D25A8D0DD00C1CFF5 /* DesafiosDataViewController.swift */; };
		7DAA428325A8D17700C1CFF5 /* Desafios.storyboard in Resources */ = {isa = PBXBuildFile; fileRef = 7DAA428225A8D17700C1CFF5 /* Desafios.storyboard */; };
		7DB41BFA257AC31900BBFAEA /* Poppins-Regular.ttf in Resources */ = {isa = PBXBuildFile; fileRef = 7DB41BF8257AC31900BBFAEA /* Poppins-Regular.ttf */; };
		7DD0195425B0BADE00024BD1 /* DesafiosVazioViewController.swift in Sources */ = {isa = PBXBuildFile; fileRef = 7DD0195325B0BADE00024BD1 /* DesafiosVazioViewController.swift */; };
		890079A125F002AE00F54028 /* Onboarding3.swift in Sources */ = {isa = PBXBuildFile; fileRef = 890079A025F002AE00F54028 /* Onboarding3.swift */; };
		8905E6C3257961660015ECAC /* ChallengePopUpViewController.swift in Sources */ = {isa = PBXBuildFile; fileRef = 8905E6C2257961660015ECAC /* ChallengePopUpViewController.swift */; };
		8905E6D7257E65D80015ECAC /* DonePopUpViewController.swift in Sources */ = {isa = PBXBuildFile; fileRef = 8905E6D6257E65D80015ECAC /* DonePopUpViewController.swift */; };
		8915339A25B8A35700DB7FE8 /* JourneyCollectionViewController.swift in Sources */ = {isa = PBXBuildFile; fileRef = 8915339925B8A35700DB7FE8 /* JourneyCollectionViewController.swift */; };
		891D2E47256ED7B200AC961A /* Challenge.swift in Sources */ = {isa = PBXBuildFile; fileRef = 891D2E46256ED7B200AC961A /* Challenge.swift */; };
		89249D4B257EA004002747A3 /* RewardPopUpViewController.swift in Sources */ = {isa = PBXBuildFile; fileRef = 89249D4A257EA004002747A3 /* RewardPopUpViewController.swift */; };
		89249D55257ED12E002747A3 /* PopUps.storyboard in Resources */ = {isa = PBXBuildFile; fileRef = 89249D54257ED12E002747A3 /* PopUps.storyboard */; };
		8928F54B25670DD10089BE0E /* User.swift in Sources */ = {isa = PBXBuildFile; fileRef = 8928F54A25670DD10089BE0E /* User.swift */; };
		8928F56325670EEE0089BE0E /* Constants.swift in Sources */ = {isa = PBXBuildFile; fileRef = 8928F56225670EEE0089BE0E /* Constants.swift */; };
		8942E2E5260D0FD600ADC7DB /* Poppins-Bold.ttf in Resources */ = {isa = PBXBuildFile; fileRef = 8942E2E4260D0FD600ADC7DB /* Poppins-Bold.ttf */; };
		8942E2ED260D0FF900ADC7DB /* Poppins-SemiBold.ttf in Resources */ = {isa = PBXBuildFile; fileRef = 8942E2EC260D0FF800ADC7DB /* Poppins-SemiBold.ttf */; };
		8942E2F5260D100700ADC7DB /* Poppins-SemiBold.ttf in Resources */ = {isa = PBXBuildFile; fileRef = 8942E2F4260D100700ADC7DB /* Poppins-SemiBold.ttf */; };
		89566A562581A8FE00784DF3 /* Intents.intentdefinition in Sources */ = {isa = PBXBuildFile; fileRef = 89566A552581A8FE00784DF3 /* Intents.intentdefinition */; };
		89566A5B2581A90B00784DF3 /* NotificationsViewController.swift in Sources */ = {isa = PBXBuildFile; fileRef = 89566A5A2581A90B00784DF3 /* NotificationsViewController.swift */; };
		89566A632581AADA00784DF3 /* TelaPerfil.storyboard in Resources */ = {isa = PBXBuildFile; fileRef = 89566A622581AADA00784DF3 /* TelaPerfil.storyboard */; };
		89566A682581B27F00784DF3 /* SettingsTableViewController.swift in Sources */ = {isa = PBXBuildFile; fileRef = 89566A672581B27F00784DF3 /* SettingsTableViewController.swift */; };
		89566A702581B4DE00784DF3 /* UserViewController.swift in Sources */ = {isa = PBXBuildFile; fileRef = 89566A6F2581B4DE00784DF3 /* UserViewController.swift */; };
		898441302587E6D4001F4185 /* Poppins-Medium.ttf in Resources */ = {isa = PBXBuildFile; fileRef = 8984412F2587E6D4001F4185 /* Poppins-Medium.ttf */; };
		89A9F33225F17EC8000DAF39 /* OnboardingContainerViewController.swift in Sources */ = {isa = PBXBuildFile; fileRef = 89A9F33125F17EC8000DAF39 /* OnboardingContainerViewController.swift */; };
		89C1DAB625B6083600EB700E /* Journey.storyboard in Resources */ = {isa = PBXBuildFile; fileRef = 89C1DAB525B6083600EB700E /* Journey.storyboard */; };
		89D9D46625EED27A0024FAC6 /* Onboarding2.swift in Sources */ = {isa = PBXBuildFile; fileRef = 89D9D46525EED27A0024FAC6 /* Onboarding2.swift */; };
		89DD872F2570243200DB1C13 /* SeedDataBase.swift in Sources */ = {isa = PBXBuildFile; fileRef = 89DD872E2570243200DB1C13 /* SeedDataBase.swift */; };
		89E69E0A25E9827000E4704C /* Onboarding.swift in Sources */ = {isa = PBXBuildFile; fileRef = 89E69E0925E9827000E4704C /* Onboarding.swift */; };
		89ED4BB825824CCD00A18B29 /* SiriShortcutsViewController.swift in Sources */ = {isa = PBXBuildFile; fileRef = 89ED4BB725824CCD00A18B29 /* SiriShortcutsViewController.swift */; };
		BE2742B625C0E5A3006699E6 /* JourneyPopUpViewController.swift in Sources */ = {isa = PBXBuildFile; fileRef = BE2742B525C0E5A3006699E6 /* JourneyPopUpViewController.swift */; };
		BE4BE73725A74995002AB66E /* IslandsViewController.swift in Sources */ = {isa = PBXBuildFile; fileRef = BE4BE73625A74995002AB66E /* IslandsViewController.swift */; };
		BE4BE74B25A78556002AB66E /* EditIslandsViewController.swift in Sources */ = {isa = PBXBuildFile; fileRef = BE4BE74A25A78556002AB66E /* EditIslandsViewController.swift */; };
		BE91BADC257FFF2000CC83D0 /* HealthIsland.sks in Resources */ = {isa = PBXBuildFile; fileRef = BE91BADB257FFF2000CC83D0 /* HealthIsland.sks */; };
		BE91BB112580163C00CC83D0 /* LeisureIsland.sks in Resources */ = {isa = PBXBuildFile; fileRef = BE91BB102580163C00CC83D0 /* LeisureIsland.sks */; };
		BE91BB16258016DF00CC83D0 /* LovedsIsland.sks in Resources */ = {isa = PBXBuildFile; fileRef = BE91BB15258016DF00CC83D0 /* LovedsIsland.sks */; };
		BE91BB1B2580179B00CC83D0 /* MindfulnessIsland.sks in Resources */ = {isa = PBXBuildFile; fileRef = BE91BB1A2580179B00CC83D0 /* MindfulnessIsland.sks */; };
		BEBD260F2583DB25002263BD /* MusicPlayer.swift in Sources */ = {isa = PBXBuildFile; fileRef = BEBD260E2583DB25002263BD /* MusicPlayer.swift */; };
		BEC461C6255DABD8003C1D1A /* AppDelegate.swift in Sources */ = {isa = PBXBuildFile; fileRef = BEC461C5255DABD8003C1D1A /* AppDelegate.swift */; };
		BEC461C8255DABD8003C1D1A /* SceneDelegate.swift in Sources */ = {isa = PBXBuildFile; fileRef = BEC461C7255DABD8003C1D1A /* SceneDelegate.swift */; };
		BEC461D0255DABD8003C1D1A /* Bloomy.xcdatamodeld in Sources */ = {isa = PBXBuildFile; fileRef = BEC461CE255DABD8003C1D1A /* Bloomy.xcdatamodeld */; };
		BEC461D2255DABDA003C1D1A /* Assets.xcassets in Resources */ = {isa = PBXBuildFile; fileRef = BEC461D1255DABDA003C1D1A /* Assets.xcassets */; };
		BEC461D5255DABDA003C1D1A /* LaunchScreen.storyboard in Resources */ = {isa = PBXBuildFile; fileRef = BEC461D3255DABDA003C1D1A /* LaunchScreen.storyboard */; };
		BED0527C2576B8940035EB18 /* Islands.storyboard in Resources */ = {isa = PBXBuildFile; fileRef = BED0527B2576B8940035EB18 /* Islands.storyboard */; };
		BED1C399260D2BF300912AAC /* GoogleService-Info.plist in Resources */ = {isa = PBXBuildFile; fileRef = BED1C398260D2BF300912AAC /* GoogleService-Info.plist */; };
		BEDD7A4A25630ADF005BA4F9 /* Home.storyboard in Resources */ = {isa = PBXBuildFile; fileRef = BEDD7A4925630ADF005BA4F9 /* Home.storyboard */; };
		BEF24E532566C24800D408A8 /* HomeViewController.swift in Sources */ = {isa = PBXBuildFile; fileRef = BEF24E522566C24800D408A8 /* HomeViewController.swift */; };
		D6DFCE3B258148AF0013E8D1 /* reward.mp3 in Resources */ = {isa = PBXBuildFile; fileRef = D6DFCE3A258148AF0013E8D1 /* reward.mp3 */; };
		D6DFCE472581500E0013E8D1 /* background.mp3 in Resources */ = {isa = PBXBuildFile; fileRef = D6DFCE462581500E0013E8D1 /* background.mp3 */; };
		F30D649B6BB23A9FFC05E8C3 /* Pods_Bloomie.framework in Frameworks */ = {isa = PBXBuildFile; fileRef = 362EA7EFBEA926926EE3CF61 /* Pods_Bloomie.framework */; };
/* End PBXBuildFile section */

/* Begin PBXFileReference section */
		12D13CEF256C2D130013E511 /* PerfilViewController.swift */ = {isa = PBXFileReference; lastKnownFileType = sourcecode.swift; path = PerfilViewController.swift; sourceTree = "<group>"; };
		12EA556A2583FE6E00DF9FFA /* Bloomy.entitlements */ = {isa = PBXFileReference; lastKnownFileType = text.plist.entitlements; path = Bloomy.entitlements; sourceTree = "<group>"; };
		362EA7EFBEA926926EE3CF61 /* Pods_Bloomie.framework */ = {isa = PBXFileReference; explicitFileType = wrapper.framework; includeInIndex = 0; path = Pods_Bloomie.framework; sourceTree = BUILT_PRODUCTS_DIR; };
		70CF41876D3BFE602C1AB435 /* Pods-Bloomie.debug.xcconfig */ = {isa = PBXFileReference; includeInIndex = 1; lastKnownFileType = text.xcconfig; name = "Pods-Bloomie.debug.xcconfig"; path = "Target Support Files/Pods-Bloomie/Pods-Bloomie.debug.xcconfig"; sourceTree = "<group>"; };
		73F3A735F5F08B7BD7F59DBC /* Pods-Bloomie-BloomieUITests.debug.xcconfig */ = {isa = PBXFileReference; includeInIndex = 1; lastKnownFileType = text.xcconfig; name = "Pods-Bloomie-BloomieUITests.debug.xcconfig"; path = "Target Support Files/Pods-Bloomie-BloomieUITests/Pods-Bloomie-BloomieUITests.debug.xcconfig"; sourceTree = "<group>"; };
		7AE7DB7EA51D352BC1365DF9 /* Pods-Bloomie.release.xcconfig */ = {isa = PBXFileReference; includeInIndex = 1; lastKnownFileType = text.xcconfig; name = "Pods-Bloomie.release.xcconfig"; path = "Target Support Files/Pods-Bloomie/Pods-Bloomie.release.xcconfig"; sourceTree = "<group>"; };
		7D267543256EDB97000C57A3 /* Reward.swift */ = {isa = PBXFileReference; lastKnownFileType = sourcecode.swift; path = Reward.swift; sourceTree = "<group>"; };
		7D2BEFC525685E48006AFD8C /* Island.swift */ = {isa = PBXFileReference; lastKnownFileType = sourcecode.swift; path = Island.swift; sourceTree = "<group>"; };
		7D2BEFE6256D86B0006AFD8C /* User+CoreDataClass.swift */ = {isa = PBXFileReference; lastKnownFileType = sourcecode.swift; path = "User+CoreDataClass.swift"; sourceTree = "<group>"; };
		7D2BEFE7256D86B0006AFD8C /* User+CoreDataProperties.swift */ = {isa = PBXFileReference; lastKnownFileType = sourcecode.swift; path = "User+CoreDataProperties.swift"; sourceTree = "<group>"; };
		7D86D6BA25FFE9D800AE0928 /* JornadaVazia.storyboard */ = {isa = PBXFileReference; lastKnownFileType = file.storyboard; path = JornadaVazia.storyboard; sourceTree = "<group>"; };
		7DAA427325A8D0A600C1CFF5 /* DesafiosViewController.swift */ = {isa = PBXFileReference; lastKnownFileType = sourcecode.swift; path = DesafiosViewController.swift; sourceTree = "<group>"; };
		7DAA427825A8D0C100C1CFF5 /* DesafiosPageViewController.swift */ = {isa = PBXFileReference; lastKnownFileType = sourcecode.swift; path = DesafiosPageViewController.swift; sourceTree = "<group>"; };
		7DAA427D25A8D0DD00C1CFF5 /* DesafiosDataViewController.swift */ = {isa = PBXFileReference; lastKnownFileType = sourcecode.swift; path = DesafiosDataViewController.swift; sourceTree = "<group>"; };
		7DAA428225A8D17700C1CFF5 /* Desafios.storyboard */ = {isa = PBXFileReference; lastKnownFileType = file.storyboard; path = Desafios.storyboard; sourceTree = "<group>"; };
		7DB41BF8257AC31900BBFAEA /* Poppins-Regular.ttf */ = {isa = PBXFileReference; lastKnownFileType = file; path = "Poppins-Regular.ttf"; sourceTree = "<group>"; };
		7DD0195325B0BADE00024BD1 /* DesafiosVazioViewController.swift */ = {isa = PBXFileReference; lastKnownFileType = sourcecode.swift; name = DesafiosVazioViewController.swift; path = Bloomy/View/DesafiosVazioViewController.swift; sourceTree = SOURCE_ROOT; };
		890079A025F002AE00F54028 /* Onboarding3.swift */ = {isa = PBXFileReference; lastKnownFileType = sourcecode.swift; path = Onboarding3.swift; sourceTree = "<group>"; };
		8905E6C2257961660015ECAC /* ChallengePopUpViewController.swift */ = {isa = PBXFileReference; lastKnownFileType = sourcecode.swift; path = ChallengePopUpViewController.swift; sourceTree = "<group>"; };
		8905E6D6257E65D80015ECAC /* DonePopUpViewController.swift */ = {isa = PBXFileReference; lastKnownFileType = sourcecode.swift; path = DonePopUpViewController.swift; sourceTree = "<group>"; };
		8915339925B8A35700DB7FE8 /* JourneyCollectionViewController.swift */ = {isa = PBXFileReference; lastKnownFileType = sourcecode.swift; path = JourneyCollectionViewController.swift; sourceTree = "<group>"; };
		891D2E46256ED7B200AC961A /* Challenge.swift */ = {isa = PBXFileReference; lastKnownFileType = sourcecode.swift; path = Challenge.swift; sourceTree = "<group>"; };
		89249D39257E6C32002747A3 /* Poppins-Regular.ttf */ = {isa = PBXFileReference; lastKnownFileType = file; path = "Poppins-Regular.ttf"; sourceTree = "<group>"; };
		89249D4A257EA004002747A3 /* RewardPopUpViewController.swift */ = {isa = PBXFileReference; lastKnownFileType = sourcecode.swift; path = RewardPopUpViewController.swift; sourceTree = "<group>"; };
		89249D54257ED12E002747A3 /* PopUps.storyboard */ = {isa = PBXFileReference; fileEncoding = 4; lastKnownFileType = file.storyboard; path = PopUps.storyboard; sourceTree = "<group>"; };
		8928F54A25670DD10089BE0E /* User.swift */ = {isa = PBXFileReference; lastKnownFileType = sourcecode.swift; path = User.swift; sourceTree = "<group>"; };
		8928F56225670EEE0089BE0E /* Constants.swift */ = {isa = PBXFileReference; lastKnownFileType = sourcecode.swift; path = Constants.swift; sourceTree = "<group>"; };
		8942E2E4260D0FD600ADC7DB /* Poppins-Bold.ttf */ = {isa = PBXFileReference; lastKnownFileType = file; path = "Poppins-Bold.ttf"; sourceTree = "<group>"; };
		8942E2EC260D0FF800ADC7DB /* Poppins-SemiBold.ttf */ = {isa = PBXFileReference; lastKnownFileType = file; path = "Poppins-SemiBold.ttf"; sourceTree = "<group>"; };
		8942E2F4260D100700ADC7DB /* Poppins-SemiBold.ttf */ = {isa = PBXFileReference; lastKnownFileType = file; path = "Poppins-SemiBold.ttf"; sourceTree = "<group>"; };
		89566A552581A8FE00784DF3 /* Intents.intentdefinition */ = {isa = PBXFileReference; fileEncoding = 4; lastKnownFileType = file.intentdefinition; path = Intents.intentdefinition; sourceTree = "<group>"; };
		89566A5A2581A90B00784DF3 /* NotificationsViewController.swift */ = {isa = PBXFileReference; fileEncoding = 4; lastKnownFileType = sourcecode.swift; path = NotificationsViewController.swift; sourceTree = "<group>"; };
		89566A622581AADA00784DF3 /* TelaPerfil.storyboard */ = {isa = PBXFileReference; fileEncoding = 4; lastKnownFileType = file.storyboard; path = TelaPerfil.storyboard; sourceTree = "<group>"; };
		89566A672581B27F00784DF3 /* SettingsTableViewController.swift */ = {isa = PBXFileReference; lastKnownFileType = sourcecode.swift; path = SettingsTableViewController.swift; sourceTree = "<group>"; };
		89566A6F2581B4DE00784DF3 /* UserViewController.swift */ = {isa = PBXFileReference; lastKnownFileType = sourcecode.swift; path = UserViewController.swift; sourceTree = "<group>"; };
		8984412F2587E6D4001F4185 /* Poppins-Medium.ttf */ = {isa = PBXFileReference; lastKnownFileType = file; path = "Poppins-Medium.ttf"; sourceTree = "<group>"; };
		89A9F33125F17EC8000DAF39 /* OnboardingContainerViewController.swift */ = {isa = PBXFileReference; lastKnownFileType = sourcecode.swift; path = OnboardingContainerViewController.swift; sourceTree = "<group>"; };
		89C1DAB525B6083600EB700E /* Journey.storyboard */ = {isa = PBXFileReference; lastKnownFileType = file.storyboard; path = Journey.storyboard; sourceTree = "<group>"; };
		89D9D46525EED27A0024FAC6 /* Onboarding2.swift */ = {isa = PBXFileReference; lastKnownFileType = sourcecode.swift; path = Onboarding2.swift; sourceTree = "<group>"; };
		89DD872E2570243200DB1C13 /* SeedDataBase.swift */ = {isa = PBXFileReference; lastKnownFileType = sourcecode.swift; path = SeedDataBase.swift; sourceTree = "<group>"; };
		89E69E0925E9827000E4704C /* Onboarding.swift */ = {isa = PBXFileReference; lastKnownFileType = sourcecode.swift; path = Onboarding.swift; sourceTree = "<group>"; };
		89ED4BB725824CCD00A18B29 /* SiriShortcutsViewController.swift */ = {isa = PBXFileReference; lastKnownFileType = sourcecode.swift; path = SiriShortcutsViewController.swift; sourceTree = "<group>"; };
		BE2742B525C0E5A3006699E6 /* JourneyPopUpViewController.swift */ = {isa = PBXFileReference; lastKnownFileType = sourcecode.swift; path = JourneyPopUpViewController.swift; sourceTree = "<group>"; };
		BE4BE73625A74995002AB66E /* IslandsViewController.swift */ = {isa = PBXFileReference; lastKnownFileType = sourcecode.swift; path = IslandsViewController.swift; sourceTree = "<group>"; };
		BE4BE74A25A78556002AB66E /* EditIslandsViewController.swift */ = {isa = PBXFileReference; lastKnownFileType = sourcecode.swift; path = EditIslandsViewController.swift; sourceTree = "<group>"; };
		BE91BADB257FFF2000CC83D0 /* HealthIsland.sks */ = {isa = PBXFileReference; lastKnownFileType = file.sks; path = HealthIsland.sks; sourceTree = "<group>"; };
		BE91BB102580163C00CC83D0 /* LeisureIsland.sks */ = {isa = PBXFileReference; lastKnownFileType = file.sks; path = LeisureIsland.sks; sourceTree = "<group>"; };
		BE91BB15258016DF00CC83D0 /* LovedsIsland.sks */ = {isa = PBXFileReference; lastKnownFileType = file.sks; path = LovedsIsland.sks; sourceTree = "<group>"; };
		BE91BB1A2580179B00CC83D0 /* MindfulnessIsland.sks */ = {isa = PBXFileReference; lastKnownFileType = file.sks; path = MindfulnessIsland.sks; sourceTree = "<group>"; };
		BEBD260E2583DB25002263BD /* MusicPlayer.swift */ = {isa = PBXFileReference; lastKnownFileType = sourcecode.swift; path = MusicPlayer.swift; sourceTree = "<group>"; };
		BEC461C2255DABD8003C1D1A /* Bloomie.app */ = {isa = PBXFileReference; explicitFileType = wrapper.application; includeInIndex = 0; path = Bloomie.app; sourceTree = BUILT_PRODUCTS_DIR; };
		BEC461C5255DABD8003C1D1A /* AppDelegate.swift */ = {isa = PBXFileReference; lastKnownFileType = sourcecode.swift; path = AppDelegate.swift; sourceTree = "<group>"; };
		BEC461C7255DABD8003C1D1A /* SceneDelegate.swift */ = {isa = PBXFileReference; lastKnownFileType = sourcecode.swift; path = SceneDelegate.swift; sourceTree = "<group>"; };
		BEC461CF255DABD8003C1D1A /* Bloomy.xcdatamodel */ = {isa = PBXFileReference; lastKnownFileType = wrapper.xcdatamodel; path = Bloomy.xcdatamodel; sourceTree = "<group>"; };
		BEC461D1255DABDA003C1D1A /* Assets.xcassets */ = {isa = PBXFileReference; lastKnownFileType = folder.assetcatalog; name = Assets.xcassets; path = Settings/Assets.xcassets; sourceTree = "<group>"; };
		BEC461D4255DABDA003C1D1A /* Base */ = {isa = PBXFileReference; lastKnownFileType = file.storyboard; name = Base; path = Base.lproj/LaunchScreen.storyboard; sourceTree = "<group>"; };
		BEC461D6255DABDA003C1D1A /* Info.plist */ = {isa = PBXFileReference; lastKnownFileType = text.plist.xml; path = Info.plist; sourceTree = "<group>"; };
		BED0527B2576B8940035EB18 /* Islands.storyboard */ = {isa = PBXFileReference; lastKnownFileType = file.storyboard; path = Islands.storyboard; sourceTree = "<group>"; };
		BED1C398260D2BF300912AAC /* GoogleService-Info.plist */ = {isa = PBXFileReference; fileEncoding = 4; lastKnownFileType = text.plist.xml; path = "GoogleService-Info.plist"; sourceTree = "<group>"; };
		BEDD7A4925630ADF005BA4F9 /* Home.storyboard */ = {isa = PBXFileReference; lastKnownFileType = file.storyboard; path = Home.storyboard; sourceTree = "<group>"; };
		BEF24E522566C24800D408A8 /* HomeViewController.swift */ = {isa = PBXFileReference; lastKnownFileType = sourcecode.swift; path = HomeViewController.swift; sourceTree = "<group>"; };
		D0D36FBF4832F02F88C6F5BD /* Pods-Bloomie-BloomieUITests.release.xcconfig */ = {isa = PBXFileReference; includeInIndex = 1; lastKnownFileType = text.xcconfig; name = "Pods-Bloomie-BloomieUITests.release.xcconfig"; path = "Target Support Files/Pods-Bloomie-BloomieUITests/Pods-Bloomie-BloomieUITests.release.xcconfig"; sourceTree = "<group>"; };
		D6DFCE3A258148AF0013E8D1 /* reward.mp3 */ = {isa = PBXFileReference; lastKnownFileType = audio.mp3; path = reward.mp3; sourceTree = "<group>"; };
		D6DFCE462581500E0013E8D1 /* background.mp3 */ = {isa = PBXFileReference; lastKnownFileType = audio.mp3; path = background.mp3; sourceTree = "<group>"; };
		E30EFA5C3AEDB431AC5D12E6 /* Pods-BloomieTests.release.xcconfig */ = {isa = PBXFileReference; includeInIndex = 1; lastKnownFileType = text.xcconfig; name = "Pods-BloomieTests.release.xcconfig"; path = "Target Support Files/Pods-BloomieTests/Pods-BloomieTests.release.xcconfig"; sourceTree = "<group>"; };
		E5AEC3851D57C33D59D1EB91 /* Pods-BloomieTests.debug.xcconfig */ = {isa = PBXFileReference; includeInIndex = 1; lastKnownFileType = text.xcconfig; name = "Pods-BloomieTests.debug.xcconfig"; path = "Target Support Files/Pods-BloomieTests/Pods-BloomieTests.debug.xcconfig"; sourceTree = "<group>"; };
/* End PBXFileReference section */

/* Begin PBXFrameworksBuildPhase section */
		BEC461BF255DABD8003C1D1A /* Frameworks */ = {
			isa = PBXFrameworksBuildPhase;
			buildActionMask = 2147483647;
			files = (
				F30D649B6BB23A9FFC05E8C3 /* Pods_Bloomie.framework in Frameworks */,
			);
			runOnlyForDeploymentPostprocessing = 0;
		};
/* End PBXFrameworksBuildPhase section */

/* Begin PBXGroup section */
		5F9B40125D2170FE714BBB46 /* Pods */ = {
			isa = PBXGroup;
			children = (
				70CF41876D3BFE602C1AB435 /* Pods-Bloomie.debug.xcconfig */,
				7AE7DB7EA51D352BC1365DF9 /* Pods-Bloomie.release.xcconfig */,
				73F3A735F5F08B7BD7F59DBC /* Pods-Bloomie-BloomieUITests.debug.xcconfig */,
				D0D36FBF4832F02F88C6F5BD /* Pods-Bloomie-BloomieUITests.release.xcconfig */,
				E5AEC3851D57C33D59D1EB91 /* Pods-BloomieTests.debug.xcconfig */,
				E30EFA5C3AEDB431AC5D12E6 /* Pods-BloomieTests.release.xcconfig */,
			);
			path = Pods;
			sourceTree = "<group>";
		};
		89249D3E257E9F2F002747A3 /* PopUps */ = {
			isa = PBXGroup;
			children = (
				8905E6C2257961660015ECAC /* ChallengePopUpViewController.swift */,
				8905E6D6257E65D80015ECAC /* DonePopUpViewController.swift */,
				89249D4A257EA004002747A3 /* RewardPopUpViewController.swift */,
				BE2742B525C0E5A3006699E6 /* JourneyPopUpViewController.swift */,
			);
			path = PopUps;
			sourceTree = "<group>";
		};
		895637152577C7D900CA8D3B /* User */ = {
			isa = PBXGroup;
			children = (
				8928F54A25670DD10089BE0E /* User.swift */,
				7D2BEFE6256D86B0006AFD8C /* User+CoreDataClass.swift */,
				7D2BEFE7256D86B0006AFD8C /* User+CoreDataProperties.swift */,
			);
			path = User;
			sourceTree = "<group>";
		};
		895637172577C7FD00CA8D3B /* Settings */ = {
			isa = PBXGroup;
			children = (
				D6DFCE392581489C0013E8D1 /* Sounds */,
				D61D03D825701B6F005BA187 /* Fonts */,
			);
			path = Settings;
			sourceTree = "<group>";
		};
		895637182577C80300CA8D3B /* Database */ = {
			isa = PBXGroup;
			children = (
				BEC461CE255DABD8003C1D1A /* Bloomy.xcdatamodeld */,
				891D2E46256ED7B200AC961A /* Challenge.swift */,
				7D2BEFC525685E48006AFD8C /* Island.swift */,
				7D267543256EDB97000C57A3 /* Reward.swift */,
				89DD872E2570243200DB1C13 /* SeedDataBase.swift */,
				895637152577C7D900CA8D3B /* User */,
			);
			path = Database;
			sourceTree = "<group>";
		};
		895637192577C80900CA8D3B /* Classes */ = {
			isa = PBXGroup;
			children = (
				8928F56225670EEE0089BE0E /* Constants.swift */,
				BEBD260E2583DB25002263BD /* MusicPlayer.swift */,
			);
			path = Classes;
			sourceTree = "<group>";
		};
		89ED4BC625824E6800A18B29 /* SKScenes */ = {
			isa = PBXGroup;
			children = (
				BE91BADB257FFF2000CC83D0 /* HealthIsland.sks */,
				BE91BB102580163C00CC83D0 /* LeisureIsland.sks */,
				BE91BB15258016DF00CC83D0 /* LovedsIsland.sks */,
				BE91BB1A2580179B00CC83D0 /* MindfulnessIsland.sks */,
			);
			path = SKScenes;
			sourceTree = "<group>";
		};
		AE4F409CCC5D9A13F9027B38 /* Frameworks */ = {
			isa = PBXGroup;
			children = (
				362EA7EFBEA926926EE3CF61 /* Pods_Bloomie.framework */,
			);
			name = Frameworks;
			sourceTree = "<group>";
		};
		BEC461B9255DABD8003C1D1A = {
			isa = PBXGroup;
			children = (
				BEC461C4255DABD8003C1D1A /* Bloomy */,
				BEC461C3255DABD8003C1D1A /* Products */,
				5F9B40125D2170FE714BBB46 /* Pods */,
				AE4F409CCC5D9A13F9027B38 /* Frameworks */,
			);
			sourceTree = "<group>";
		};
		BEC461C3255DABD8003C1D1A /* Products */ = {
			isa = PBXGroup;
			children = (
				BEC461C2255DABD8003C1D1A /* Bloomie.app */,
			);
			name = Products;
			sourceTree = "<group>";
		};
		BEC461C4255DABD8003C1D1A /* Bloomy */ = {
			isa = PBXGroup;
			children = (
				BED1C398260D2BF300912AAC /* GoogleService-Info.plist */,
				12EA556A2583FE6E00DF9FFA /* Bloomy.entitlements */,
				BEC461C5255DABD8003C1D1A /* AppDelegate.swift */,
				BEC461C7255DABD8003C1D1A /* SceneDelegate.swift */,
				BEDD7A402562F3AB005BA4F9 /* Model */,
				BEDD7A412562F3B8005BA4F9 /* View */,
				BEDD7A422562F3C3005BA4F9 /* Controller */,
				BEC461D6255DABDA003C1D1A /* Info.plist */,
			);
			path = Bloomy;
			sourceTree = "<group>";
		};
		BEDD7A402562F3AB005BA4F9 /* Model */ = {
			isa = PBXGroup;
			children = (
				BEC461D1255DABDA003C1D1A /* Assets.xcassets */,
				895637192577C80900CA8D3B /* Classes */,
				895637182577C80300CA8D3B /* Database */,
				895637172577C7FD00CA8D3B /* Settings */,
			);
			path = Model;
			sourceTree = "<group>";
		};
		BEDD7A412562F3B8005BA4F9 /* View */ = {
			isa = PBXGroup;
			children = (
				BEC461D3255DABDA003C1D1A /* LaunchScreen.storyboard */,
				89566A622581AADA00784DF3 /* TelaPerfil.storyboard */,
				BEDD7A4925630ADF005BA4F9 /* Home.storyboard */,
				BED0527B2576B8940035EB18 /* Islands.storyboard */,
				89249D54257ED12E002747A3 /* PopUps.storyboard */,
				7DAA428225A8D17700C1CFF5 /* Desafios.storyboard */,
				7D86D6BA25FFE9D800AE0928 /* JornadaVazia.storyboard */,
				89C1DAB525B6083600EB700E /* Journey.storyboard */,
				89E69E0925E9827000E4704C /* Onboarding.swift */,
				89D9D46525EED27A0024FAC6 /* Onboarding2.swift */,
				890079A025F002AE00F54028 /* Onboarding3.swift */,
				89ED4BC625824E6800A18B29 /* SKScenes */,
			);
			path = View;
			sourceTree = "<group>";
		};
		BEDD7A422562F3C3005BA4F9 /* Controller */ = {
			isa = PBXGroup;
			children = (
				7DD0195325B0BADE00024BD1 /* DesafiosVazioViewController.swift */,
				12D13CEF256C2D130013E511 /* PerfilViewController.swift */,
				BEF24E522566C24800D408A8 /* HomeViewController.swift */,
				89566A5A2581A90B00784DF3 /* NotificationsViewController.swift */,
				89566A672581B27F00784DF3 /* SettingsTableViewController.swift */,
				89566A6F2581B4DE00784DF3 /* UserViewController.swift */,
				89ED4BB725824CCD00A18B29 /* SiriShortcutsViewController.swift */,
				BE4BE73625A74995002AB66E /* IslandsViewController.swift */,
				7DAA427325A8D0A600C1CFF5 /* DesafiosViewController.swift */,
				7DAA427825A8D0C100C1CFF5 /* DesafiosPageViewController.swift */,
				7DAA427D25A8D0DD00C1CFF5 /* DesafiosDataViewController.swift */,
				BE4BE74A25A78556002AB66E /* EditIslandsViewController.swift */,
				89A9F33125F17EC8000DAF39 /* OnboardingContainerViewController.swift */,
				89566A552581A8FE00784DF3 /* Intents.intentdefinition */,
				8915339925B8A35700DB7FE8 /* JourneyCollectionViewController.swift */,
				89249D3E257E9F2F002747A3 /* PopUps */,
			);
			path = Controller;
			sourceTree = "<group>";
		};
		D61D03D825701B6F005BA187 /* Fonts */ = {
			isa = PBXGroup;
			children = (
				8984412F2587E6D4001F4185 /* Poppins-Medium.ttf */,
				8942E2EC260D0FF800ADC7DB /* Poppins-SemiBold.ttf */,
				89249D39257E6C32002747A3 /* Poppins-Regular.ttf */,
				8942E2F4260D100700ADC7DB /* Poppins-SemiBold.ttf */,
				8942E2E4260D0FD600ADC7DB /* Poppins-Bold.ttf */,
				7DB41BF8257AC31900BBFAEA /* Poppins-Regular.ttf */,
			);
			path = Fonts;
			sourceTree = "<group>";
		};
		D6DFCE392581489C0013E8D1 /* Sounds */ = {
			isa = PBXGroup;
			children = (
				D6DFCE3A258148AF0013E8D1 /* reward.mp3 */,
				D6DFCE462581500E0013E8D1 /* background.mp3 */,
			);
			path = Sounds;
			sourceTree = "<group>";
		};
/* End PBXGroup section */

/* Begin PBXNativeTarget section */
		BEC461C1255DABD8003C1D1A /* Bloomie */ = {
			isa = PBXNativeTarget;
			buildConfigurationList = BEC461EF255DABDB003C1D1A /* Build configuration list for PBXNativeTarget "Bloomie" */;
			buildPhases = (
				443FD7544BED4755C39FB27D /* [CP] Check Pods Manifest.lock */,
				BEC461BE255DABD8003C1D1A /* Sources */,
				BEC461BF255DABD8003C1D1A /* Frameworks */,
				BEC461C0255DABD8003C1D1A /* Resources */,
				BEC46205255DBAEA003C1D1A /* ShellScript */,
				1BCC4C19DC9FBD585AB34366 /* [CP] Embed Pods Frameworks */,
			);
			buildRules = (
			);
			dependencies = (
			);
			name = Bloomie;
			productName = Bloomy;
			productReference = BEC461C2255DABD8003C1D1A /* Bloomie.app */;
			productType = "com.apple.product-type.application";
		};
/* End PBXNativeTarget section */

/* Begin PBXProject section */
		BEC461BA255DABD8003C1D1A /* Project object */ = {
			isa = PBXProject;
			attributes = {
				LastSwiftUpdateCheck = 1210;
				LastUpgradeCheck = 1230;
				TargetAttributes = {
					BEC461C1255DABD8003C1D1A = {
						CreatedOnToolsVersion = 12.1;
					};
				};
			};
			buildConfigurationList = BEC461BD255DABD8003C1D1A /* Build configuration list for PBXProject "Bloomie" */;
			compatibilityVersion = "Xcode 9.3";
			developmentRegion = en;
			hasScannedForEncodings = 0;
			knownRegions = (
				en,
				Base,
			);
			mainGroup = BEC461B9255DABD8003C1D1A;
			productRefGroup = BEC461C3255DABD8003C1D1A /* Products */;
			projectDirPath = "";
			projectRoot = "";
			targets = (
				BEC461C1255DABD8003C1D1A /* Bloomie */,
			);
		};
/* End PBXProject section */

/* Begin PBXResourcesBuildPhase section */
		BEC461C0255DABD8003C1D1A /* Resources */ = {
			isa = PBXResourcesBuildPhase;
			buildActionMask = 2147483647;
			files = (
				BEC461D5255DABDA003C1D1A /* LaunchScreen.storyboard in Resources */,
				89566A632581AADA00784DF3 /* TelaPerfil.storyboard in Resources */,
				D6DFCE472581500E0013E8D1 /* background.mp3 in Resources */,
				7D86D6BB25FFE9D800AE0928 /* JornadaVazia.storyboard in Resources */,
				89249D55257ED12E002747A3 /* PopUps.storyboard in Resources */,
				BED0527C2576B8940035EB18 /* Islands.storyboard in Resources */,
				7DAA428325A8D17700C1CFF5 /* Desafios.storyboard in Resources */,
				7DB41BFA257AC31900BBFAEA /* Poppins-Regular.ttf in Resources */,
				D6DFCE3B258148AF0013E8D1 /* reward.mp3 in Resources */,
				89C1DAB625B6083600EB700E /* Journey.storyboard in Resources */,
				898441302587E6D4001F4185 /* Poppins-Medium.ttf in Resources */,
				BE91BB1B2580179B00CC83D0 /* MindfulnessIsland.sks in Resources */,
				BE91BADC257FFF2000CC83D0 /* HealthIsland.sks in Resources */,
				BE91BB16258016DF00CC83D0 /* LovedsIsland.sks in Resources */,
				8942E2ED260D0FF900ADC7DB /* Poppins-SemiBold.ttf in Resources */,
				8942E2F5260D100700ADC7DB /* Poppins-SemiBold.ttf in Resources */,
				BEC461D2255DABDA003C1D1A /* Assets.xcassets in Resources */,
				8942E2E5260D0FD600ADC7DB /* Poppins-Bold.ttf in Resources */,
				BE91BB112580163C00CC83D0 /* LeisureIsland.sks in Resources */,
				BEDD7A4A25630ADF005BA4F9 /* Home.storyboard in Resources */,
				BED1C399260D2BF300912AAC /* GoogleService-Info.plist in Resources */,
			);
			runOnlyForDeploymentPostprocessing = 0;
		};
/* End PBXResourcesBuildPhase section */

/* Begin PBXShellScriptBuildPhase section */
		1BCC4C19DC9FBD585AB34366 /* [CP] Embed Pods Frameworks */ = {
			isa = PBXShellScriptBuildPhase;
			buildActionMask = 2147483647;
			files = (
			);
			inputFileListPaths = (
				"${PODS_ROOT}/Target Support Files/Pods-Bloomie/Pods-Bloomie-frameworks-${CONFIGURATION}-input-files.xcfilelist",
			);
			name = "[CP] Embed Pods Frameworks";
			outputFileListPaths = (
				"${PODS_ROOT}/Target Support Files/Pods-Bloomie/Pods-Bloomie-frameworks-${CONFIGURATION}-output-files.xcfilelist",
			);
			runOnlyForDeploymentPostprocessing = 0;
			shellPath = /bin/sh;
			shellScript = "\"${PODS_ROOT}/Target Support Files/Pods-Bloomie/Pods-Bloomie-frameworks.sh\"\n";
			showEnvVarsInLog = 0;
		};
		443FD7544BED4755C39FB27D /* [CP] Check Pods Manifest.lock */ = {
			isa = PBXShellScriptBuildPhase;
			buildActionMask = 2147483647;
			files = (
			);
			inputFileListPaths = (
			);
			inputPaths = (
				"${PODS_PODFILE_DIR_PATH}/Podfile.lock",
				"${PODS_ROOT}/Manifest.lock",
			);
			name = "[CP] Check Pods Manifest.lock";
			outputFileListPaths = (
			);
			outputPaths = (
				"$(DERIVED_FILE_DIR)/Pods-Bloomie-checkManifestLockResult.txt",
			);
			runOnlyForDeploymentPostprocessing = 0;
			shellPath = /bin/sh;
			shellScript = "diff \"${PODS_PODFILE_DIR_PATH}/Podfile.lock\" \"${PODS_ROOT}/Manifest.lock\" > /dev/null\nif [ $? != 0 ] ; then\n    # print error to STDERR\n    echo \"error: The sandbox is not in sync with the Podfile.lock. Run 'pod install' or update your CocoaPods installation.\" >&2\n    exit 1\nfi\n# This output is used by Xcode 'outputs' to avoid re-running this script phase.\necho \"SUCCESS\" > \"${SCRIPT_OUTPUT_FILE_0}\"\n";
			showEnvVarsInLog = 0;
		};
		BEC46205255DBAEA003C1D1A /* ShellScript */ = {
			isa = PBXShellScriptBuildPhase;
			buildActionMask = 2147483647;
			files = (
			);
			inputFileListPaths = (
			);
			inputPaths = (
			);
			outputFileListPaths = (
			);
			outputPaths = (
			);
			runOnlyForDeploymentPostprocessing = 0;
			shellPath = /bin/sh;
			shellScript = "# Type a script or drag a script file from your workspace to insert its path.\n${PODS_ROOT}/SwiftLint/swiftlint\n";
		};
/* End PBXShellScriptBuildPhase section */

/* Begin PBXSourcesBuildPhase section */
		BEC461BE255DABD8003C1D1A /* Sources */ = {
			isa = PBXSourcesBuildPhase;
			buildActionMask = 2147483647;
			files = (
				BEF24E532566C24800D408A8 /* HomeViewController.swift in Sources */,
				89566A702581B4DE00784DF3 /* UserViewController.swift in Sources */,
				8905E6D7257E65D80015ECAC /* DonePopUpViewController.swift in Sources */,
				89566A562581A8FE00784DF3 /* Intents.intentdefinition in Sources */,
				890079A125F002AE00F54028 /* Onboarding3.swift in Sources */,
				7DAA427E25A8D0DD00C1CFF5 /* DesafiosDataViewController.swift in Sources */,
				89D9D46625EED27A0024FAC6 /* Onboarding2.swift in Sources */,
				BEC461D0255DABD8003C1D1A /* Bloomy.xcdatamodeld in Sources */,
				7D2BEFC625685E48006AFD8C /* Island.swift in Sources */,
				7D267544256EDB97000C57A3 /* Reward.swift in Sources */,
				891D2E47256ED7B200AC961A /* Challenge.swift in Sources */,
				BE2742B625C0E5A3006699E6 /* JourneyPopUpViewController.swift in Sources */,
				7DAA427925A8D0C100C1CFF5 /* DesafiosPageViewController.swift in Sources */,
				8905E6C3257961660015ECAC /* ChallengePopUpViewController.swift in Sources */,
				BEBD260F2583DB25002263BD /* MusicPlayer.swift in Sources */,
				8915339A25B8A35700DB7FE8 /* JourneyCollectionViewController.swift in Sources */,
				BEC461C6255DABD8003C1D1A /* AppDelegate.swift in Sources */,
				7DD0195425B0BADE00024BD1 /* DesafiosVazioViewController.swift in Sources */,
				89E69E0A25E9827000E4704C /* Onboarding.swift in Sources */,
				89ED4BB825824CCD00A18B29 /* SiriShortcutsViewController.swift in Sources */,
				89566A682581B27F00784DF3 /* SettingsTableViewController.swift in Sources */,
				BE4BE74B25A78556002AB66E /* EditIslandsViewController.swift in Sources */,
				7D2BEFE8256D86B0006AFD8C /* User+CoreDataClass.swift in Sources */,
				12D13CF0256C2D130013E511 /* PerfilViewController.swift in Sources */,
				BE4BE73725A74995002AB66E /* IslandsViewController.swift in Sources */,
				8928F54B25670DD10089BE0E /* User.swift in Sources */,
				89566A5B2581A90B00784DF3 /* NotificationsViewController.swift in Sources */,
				7DAA427425A8D0A600C1CFF5 /* DesafiosViewController.swift in Sources */,
				BEC461C8255DABD8003C1D1A /* SceneDelegate.swift in Sources */,
				89249D4B257EA004002747A3 /* RewardPopUpViewController.swift in Sources */,
				7D2BEFE9256D86B0006AFD8C /* User+CoreDataProperties.swift in Sources */,
				8928F56325670EEE0089BE0E /* Constants.swift in Sources */,
				89DD872F2570243200DB1C13 /* SeedDataBase.swift in Sources */,
				89A9F33225F17EC8000DAF39 /* OnboardingContainerViewController.swift in Sources */,
			);
			runOnlyForDeploymentPostprocessing = 0;
		};
/* End PBXSourcesBuildPhase section */

/* Begin PBXVariantGroup section */
		BEC461D3255DABDA003C1D1A /* LaunchScreen.storyboard */ = {
			isa = PBXVariantGroup;
			children = (
				BEC461D4255DABDA003C1D1A /* Base */,
			);
			name = LaunchScreen.storyboard;
			sourceTree = "<group>";
		};
/* End PBXVariantGroup section */

/* Begin XCBuildConfiguration section */
		BEC461ED255DABDB003C1D1A /* Debug */ = {
			isa = XCBuildConfiguration;
			buildSettings = {
				ALWAYS_SEARCH_USER_PATHS = NO;
				CLANG_ANALYZER_NONNULL = YES;
				CLANG_ANALYZER_NUMBER_OBJECT_CONVERSION = YES_AGGRESSIVE;
				CLANG_CXX_LANGUAGE_STANDARD = "gnu++14";
				CLANG_CXX_LIBRARY = "libc++";
				CLANG_ENABLE_MODULES = YES;
				CLANG_ENABLE_OBJC_ARC = YES;
				CLANG_ENABLE_OBJC_WEAK = YES;
				CLANG_WARN_BLOCK_CAPTURE_AUTORELEASING = YES;
				CLANG_WARN_BOOL_CONVERSION = YES;
				CLANG_WARN_COMMA = YES;
				CLANG_WARN_CONSTANT_CONVERSION = YES;
				CLANG_WARN_DEPRECATED_OBJC_IMPLEMENTATIONS = YES;
				CLANG_WARN_DIRECT_OBJC_ISA_USAGE = YES_ERROR;
				CLANG_WARN_DOCUMENTATION_COMMENTS = YES;
				CLANG_WARN_EMPTY_BODY = YES;
				CLANG_WARN_ENUM_CONVERSION = YES;
				CLANG_WARN_INFINITE_RECURSION = YES;
				CLANG_WARN_INT_CONVERSION = YES;
				CLANG_WARN_NON_LITERAL_NULL_CONVERSION = YES;
				CLANG_WARN_OBJC_IMPLICIT_RETAIN_SELF = YES;
				CLANG_WARN_OBJC_LITERAL_CONVERSION = YES;
				CLANG_WARN_OBJC_ROOT_CLASS = YES_ERROR;
				CLANG_WARN_QUOTED_INCLUDE_IN_FRAMEWORK_HEADER = YES;
				CLANG_WARN_RANGE_LOOP_ANALYSIS = YES;
				CLANG_WARN_STRICT_PROTOTYPES = YES;
				CLANG_WARN_SUSPICIOUS_MOVE = YES;
				CLANG_WARN_UNGUARDED_AVAILABILITY = YES_AGGRESSIVE;
				CLANG_WARN_UNREACHABLE_CODE = YES;
				CLANG_WARN__DUPLICATE_METHOD_MATCH = YES;
				COPY_PHASE_STRIP = NO;
				DEBUG_INFORMATION_FORMAT = dwarf;
				ENABLE_STRICT_OBJC_MSGSEND = YES;
				ENABLE_TESTABILITY = YES;
				GCC_C_LANGUAGE_STANDARD = gnu11;
				GCC_DYNAMIC_NO_PIC = NO;
				GCC_NO_COMMON_BLOCKS = YES;
				GCC_OPTIMIZATION_LEVEL = 0;
				GCC_PREPROCESSOR_DEFINITIONS = (
					"DEBUG=1",
					"$(inherited)",
				);
				GCC_WARN_64_TO_32_BIT_CONVERSION = YES;
				GCC_WARN_ABOUT_RETURN_TYPE = YES_ERROR;
				GCC_WARN_UNDECLARED_SELECTOR = YES;
				GCC_WARN_UNINITIALIZED_AUTOS = YES_AGGRESSIVE;
				GCC_WARN_UNUSED_FUNCTION = YES;
				GCC_WARN_UNUSED_VARIABLE = YES;
				IPHONEOS_DEPLOYMENT_TARGET = 14.1;
				MTL_ENABLE_DEBUG_INFO = INCLUDE_SOURCE;
				MTL_FAST_MATH = YES;
				ONLY_ACTIVE_ARCH = YES;
				SDKROOT = iphoneos;
				SWIFT_ACTIVE_COMPILATION_CONDITIONS = DEBUG;
				SWIFT_OPTIMIZATION_LEVEL = "-Onone";
			};
			name = Debug;
		};
		BEC461EE255DABDB003C1D1A /* Release */ = {
			isa = XCBuildConfiguration;
			buildSettings = {
				ALWAYS_SEARCH_USER_PATHS = NO;
				CLANG_ANALYZER_NONNULL = YES;
				CLANG_ANALYZER_NUMBER_OBJECT_CONVERSION = YES_AGGRESSIVE;
				CLANG_CXX_LANGUAGE_STANDARD = "gnu++14";
				CLANG_CXX_LIBRARY = "libc++";
				CLANG_ENABLE_MODULES = YES;
				CLANG_ENABLE_OBJC_ARC = YES;
				CLANG_ENABLE_OBJC_WEAK = YES;
				CLANG_WARN_BLOCK_CAPTURE_AUTORELEASING = YES;
				CLANG_WARN_BOOL_CONVERSION = YES;
				CLANG_WARN_COMMA = YES;
				CLANG_WARN_CONSTANT_CONVERSION = YES;
				CLANG_WARN_DEPRECATED_OBJC_IMPLEMENTATIONS = YES;
				CLANG_WARN_DIRECT_OBJC_ISA_USAGE = YES_ERROR;
				CLANG_WARN_DOCUMENTATION_COMMENTS = YES;
				CLANG_WARN_EMPTY_BODY = YES;
				CLANG_WARN_ENUM_CONVERSION = YES;
				CLANG_WARN_INFINITE_RECURSION = YES;
				CLANG_WARN_INT_CONVERSION = YES;
				CLANG_WARN_NON_LITERAL_NULL_CONVERSION = YES;
				CLANG_WARN_OBJC_IMPLICIT_RETAIN_SELF = YES;
				CLANG_WARN_OBJC_LITERAL_CONVERSION = YES;
				CLANG_WARN_OBJC_ROOT_CLASS = YES_ERROR;
				CLANG_WARN_QUOTED_INCLUDE_IN_FRAMEWORK_HEADER = YES;
				CLANG_WARN_RANGE_LOOP_ANALYSIS = YES;
				CLANG_WARN_STRICT_PROTOTYPES = YES;
				CLANG_WARN_SUSPICIOUS_MOVE = YES;
				CLANG_WARN_UNGUARDED_AVAILABILITY = YES_AGGRESSIVE;
				CLANG_WARN_UNREACHABLE_CODE = YES;
				CLANG_WARN__DUPLICATE_METHOD_MATCH = YES;
				COPY_PHASE_STRIP = NO;
				DEBUG_INFORMATION_FORMAT = "dwarf-with-dsym";
				ENABLE_NS_ASSERTIONS = NO;
				ENABLE_STRICT_OBJC_MSGSEND = YES;
				GCC_C_LANGUAGE_STANDARD = gnu11;
				GCC_NO_COMMON_BLOCKS = YES;
				GCC_WARN_64_TO_32_BIT_CONVERSION = YES;
				GCC_WARN_ABOUT_RETURN_TYPE = YES_ERROR;
				GCC_WARN_UNDECLARED_SELECTOR = YES;
				GCC_WARN_UNINITIALIZED_AUTOS = YES_AGGRESSIVE;
				GCC_WARN_UNUSED_FUNCTION = YES;
				GCC_WARN_UNUSED_VARIABLE = YES;
				IPHONEOS_DEPLOYMENT_TARGET = 14.1;
				MTL_ENABLE_DEBUG_INFO = NO;
				MTL_FAST_MATH = YES;
				SDKROOT = iphoneos;
				SWIFT_COMPILATION_MODE = wholemodule;
				SWIFT_OPTIMIZATION_LEVEL = "-O";
				VALIDATE_PRODUCT = YES;
			};
			name = Release;
		};
		BEC461F0255DABDB003C1D1A /* Debug */ = {
			isa = XCBuildConfiguration;
			baseConfigurationReference = 70CF41876D3BFE602C1AB435 /* Pods-Bloomie.debug.xcconfig */;
			buildSettings = {
				ASSETCATALOG_COMPILER_APPICON_NAME = AppIcon;
				ASSETCATALOG_COMPILER_GLOBAL_ACCENT_COLOR_NAME = AccentColor;
				CODE_SIGN_ENTITLEMENTS = Bloomy/Bloomy.entitlements;
				CODE_SIGN_IDENTITY = "Apple Development";
				CODE_SIGN_STYLE = Automatic;
				CURRENT_PROJECT_VERSION = 4;
				DEVELOPMENT_TEAM = "";
				INFOPLIST_FILE = Bloomy/Info.plist;
				LD_RUNPATH_SEARCH_PATHS = (
					"$(inherited)",
					"@executable_path/Frameworks",
				);
				MARKETING_VERSION = 1.2;
				PRODUCT_BUNDLE_IDENTIFIER = lso.academy.ufpe.br.bloomie;
				PRODUCT_NAME = "$(TARGET_NAME)";
				PROVISIONING_PROFILE_SPECIFIER = "";
				SWIFT_VERSION = 5.0;
				TARGETED_DEVICE_FAMILY = "1,2";
			};
			name = Debug;
		};
		BEC461F1255DABDB003C1D1A /* Release */ = {
			isa = XCBuildConfiguration;
			baseConfigurationReference = 7AE7DB7EA51D352BC1365DF9 /* Pods-Bloomie.release.xcconfig */;
			buildSettings = {
				ASSETCATALOG_COMPILER_APPICON_NAME = AppIcon;
				ASSETCATALOG_COMPILER_GLOBAL_ACCENT_COLOR_NAME = AccentColor;
				CODE_SIGN_ENTITLEMENTS = Bloomy/Bloomy.entitlements;
				CODE_SIGN_IDENTITY = "Apple Development";
				CODE_SIGN_STYLE = Automatic;
				CURRENT_PROJECT_VERSION = 4;
				DEVELOPMENT_TEAM = "";
				INFOPLIST_FILE = Bloomy/Info.plist;
				LD_RUNPATH_SEARCH_PATHS = (
					"$(inherited)",
					"@executable_path/Frameworks",
				);
				MARKETING_VERSION = 1.2;
				PRODUCT_BUNDLE_IDENTIFIER = lso.academy.ufpe.br.bloomie;
				PRODUCT_NAME = "$(TARGET_NAME)";
				PROVISIONING_PROFILE_SPECIFIER = "";
				SWIFT_VERSION = 5.0;
				TARGETED_DEVICE_FAMILY = "1,2";
			};
			name = Release;
		};
/* End XCBuildConfiguration section */

/* Begin XCConfigurationList section */
		BEC461BD255DABD8003C1D1A /* Build configuration list for PBXProject "Bloomie" */ = {
			isa = XCConfigurationList;
			buildConfigurations = (
				BEC461ED255DABDB003C1D1A /* Debug */,
				BEC461EE255DABDB003C1D1A /* Release */,
			);
			defaultConfigurationIsVisible = 0;
			defaultConfigurationName = Release;
		};
		BEC461EF255DABDB003C1D1A /* Build configuration list for PBXNativeTarget "Bloomie" */ = {
			isa = XCConfigurationList;
			buildConfigurations = (
				BEC461F0255DABDB003C1D1A /* Debug */,
				BEC461F1255DABDB003C1D1A /* Release */,
			);
			defaultConfigurationIsVisible = 0;
			defaultConfigurationName = Release;
		};
/* End XCConfigurationList section */

/* Begin XCVersionGroup section */
		BEC461CE255DABD8003C1D1A /* Bloomy.xcdatamodeld */ = {
			isa = XCVersionGroup;
			children = (
				BEC461CF255DABD8003C1D1A /* Bloomy.xcdatamodel */,
			);
			currentVersion = BEC461CF255DABD8003C1D1A /* Bloomy.xcdatamodel */;
			path = Bloomy.xcdatamodeld;
			sourceTree = "<group>";
			versionGroupType = wrapper.xcdatamodel;
		};
/* End XCVersionGroup section */
	};
	rootObject = BEC461BA255DABD8003C1D1A /* Project object */;
}
